<?xml version="1.0" encoding="utf-8"?>
<Project xmlns="http://schemas.microsoft.com/developer/msbuild/2003" ToolsVersion="4.0">
  <ItemGroup>
    <Filter Include="Source Files">
      <UniqueIdentifier>{46D53D9E-BDB1-4C18-8DC7-ED98A20A173A}</UniqueIdentifier>
      <Extensions>cpp;c;cc;cxx;def;odl;idl;hpj;bat;asm;asmx</Extensions>
    </Filter>
    <Filter Include="Header Files">
      <UniqueIdentifier>{026D293B-36CA-4AAF-9A84-14A6469831A3}</UniqueIdentifier>
      <Extensions>h;hpp;hxx;hm;inl;inc;xsd</Extensions>
    </Filter>
    <Filter Include="Resource Files">
      <UniqueIdentifier>{BBBCD7B3-8FD2-4300-89EE-0941CF4327DA}</UniqueIdentifier>
      <Extensions>rc;ico;cur;bmp;dlg;rc2;rct;bin;rgs;gif;jpg;jpeg;jpe;resx;tiff;tif;ttf;otf;bdf;png;wav;xlsx;props;mfcribbon-ms</Extensions>
    </Filter>
    <Filter Include="Header Files\common">
      <UniqueIdentifier>{8C232BC9-3EE5-4F15-9DFB-9379E90E84BB}</UniqueIdentifier>
    </Filter>
    <Filter Include="Header Files\main_screen">
      <UniqueIdentifier>{BEC3B8BD-A6AA-40E9-B118-94E371089D6B}</UniqueIdentifier>
    </Filter>
    <Filter Include="Header Files\model">
      <UniqueIdentifier>{305911DC-2D7F-4298-81F5-48F0E5F39B06}</UniqueIdentifier>
    </Filter>
    <Filter Include="Header Files\TouchGFX">
      <UniqueIdentifier>{99A43E5F-CF2A-4F4D-BC2C-B72A0501C422}</UniqueIdentifier>
    </Filter>
    <Filter Include="Source Files\common">
      <UniqueIdentifier>{4A868B0D-31A7-40DC-86C3-7D55E5F6A2CB}</UniqueIdentifier>
    </Filter>
    <Filter Include="Source Files\main_screen">
      <UniqueIdentifier>{BFF32C44-5DB8-43C5-8386-5DCBA5019B4E}</UniqueIdentifier>
    </Filter>
    <Filter Include="Source Files\model">
      <UniqueIdentifier>{4A7CB3B1-650C-4F10-824F-FDCBB0AE50AC}</UniqueIdentifier>
    </Filter>
    <Filter Include="Source Files\simulator">
      <UniqueIdentifier>{48822F79-3449-46FB-A2B6-1C4F916A7B36}</UniqueIdentifier>
    </Filter>
    <Filter Include="Source Files\TouchGFX">
      <UniqueIdentifier>{4F714165-EF8A-4341-A3B4-41C356796BB3}</UniqueIdentifier>
    </Filter>
    <Filter Include="Resource Files\fonts">
      <UniqueIdentifier>{FE89BC6F-D4F9-42F4-97B1-D8B51B090EDD}</UniqueIdentifier>
    </Filter>
    <Filter Include="Resource Files\images">
      <UniqueIdentifier>{CA104F50-9A06-4B40-A8EB-997097FFA758}</UniqueIdentifier>
    </Filter>
    <Filter Include="Resource Files\texts">
      <UniqueIdentifier>{B3C127C1-8DCD-476F-ACFF-3F2B5448F5A0}</UniqueIdentifier>
    </Filter>
  </ItemGroup>
  <ItemGroup>
    <ClCompile Include="..\..\gui\src\common\FrontendApplication.cpp">
      <Filter>Source Files\common</Filter>
    </ClCompile>
    <ClCompile Include="..\..\gui\src\main_screen\MainPresenter.cpp">
      <Filter>Source Files\main_screen</Filter>
    </ClCompile>
    <ClCompile Include="..\..\gui\src\main_screen\MainView.cpp">
      <Filter>Source Files\main_screen</Filter>
    </ClCompile>
    <ClCompile Include="..\..\gui\src\model\Model.cpp">
      <Filter>Source Files\model</Filter>
    </ClCompile>
    <ClCompile Include="..\..\simulator\main.cpp">
      <Filter>Source Files\simulator</Filter>
    </ClCompile>
    <ClCompile Include="$(TouchGFXReleasePath)\framework\source\platform\driver\touch\SDLTouchController.cpp">
      <Filter>Source Files\TouchGFX</Filter>
    </ClCompile>
    <ClCompile Include="$(TouchGFXReleasePath)\framework\source\platform\hal\simulator\sdl\HALSDL.cpp">
      <Filter>Source Files\TouchGFX</Filter>
    </ClCompile>
    <ClCompile Include="$(TouchGFXReleasePath)\framework\source\platform\hal\simulator\sdl\HALSDL_icon.cpp">
      <Filter>Source Files\TouchGFX</Filter>
    </ClCompile>
    <ClCompile Include="$(TouchGFXReleasePath)\framework\source\platform\hal\simulator\sdl\OSWrappers.cpp">
      <Filter>Source Files\TouchGFX</Filter>
    </ClCompile>
  </ItemGroup>
  <ItemGroup>
    <None Include="..\..\assets\fonts\Asap-Regular-18px.bdf">
      <Filter>Resource Files\fonts</Filter>
    </None>
    <None Include="..\..\assets\images\arrow_back.png">
      <Filter>Resource Files\images</Filter>
    </None>
    <None Include="..\..\assets\images\arrow_back_pressed.png">
      <Filter>Resource Files\images</Filter>
    </None>
    <None Include="..\..\assets\images\arrow_forward.png">
      <Filter>Resource Files\images</Filter>
    </None>
    <None Include="..\..\assets\images\arrow_forward_pressed.png">
      <Filter>Resource Files\images</Filter>
    </None>
    <None Include="..\..\assets\texts\texts.xlsx">
      <Filter>Resource Files\texts</Filter>
    </None>
    <None Include="..\..\config\msvs\Application.props">
      <Filter>Resource Files</Filter>
    </None>
  </ItemGroup>
  <ItemGroup>
    <ClInclude Include="..\..\gui\include\gui\common\FrontendApplication.hpp">
      <Filter>Header Files\common</Filter>
    </ClInclude>
    <ClInclude Include="..\..\gui\include\gui\common\FrontendHeap.hpp">
      <Filter>Header Files\common</Filter>
    </ClInclude>
    <ClInclude Include="..\..\gui\include\gui\main_screen\MainPresenter.hpp">
      <Filter>Header Files\main_screen</Filter>
    </ClInclude>
    <ClInclude Include="..\..\gui\include\gui\main_screen\MainView.hpp">
      <Filter>Header Files\main_screen</Filter>
    </ClInclude>
    <ClInclude Include="..\..\gui\include\gui\model\Model.hpp">
      <Filter>Header Files\model</Filter>
    </ClInclude>
    <ClInclude Include="..\..\gui\include\gui\model\ModelListener.hpp">
      <Filter>Header Files\model</Filter>
    </ClInclude>
    <ClInclude Include="$(TouchGFXReleasePath)\framework\include\platform\driver\touch\SDLTouchController.hpp">
      <Filter>Header Files\TouchGFX</Filter>
    </ClInclude>
    <ClInclude Include="$(TouchGFXReleasePath)\framework\include\platform\hal\simulator\sdl\HALSDL.hpp">
      <Filter>Header Files\TouchGFX</Filter>
    </ClInclude>
  </ItemGroup>
</Project>
