
Microsoft Visual Studio Solution File, Format Version 12.00
# Visual Studio 2012
Project("{8BC9CEB8-8B4A-11D0-8D11-00A0C91BC942}") = "Application", "Application.vcxproj", "{D33A9E30-B438-434E-B5A6-9589E42E65E6}"
EndProject
Global
	GlobalSection(SolutionConfigurationPlatforms) = preSolution
		Debug|Win32 = Debug|Win32
		Release|Win32 = Release|Win32
	EndGlobalSection
	GlobalSection(ProjectConfigurationPlatforms) = postSolution
		{D33A9E30-B438-434E-B5A6-9589E42E65E6}.Debug|Win32.ActiveCfg = Debug|Win32
		{D33A9E30-B438-434E-B5A6-9589E42E65E6}.Debug|Win32.Build.0 = Debug|Win32
		{D33A9E30-B438-434E-B5A6-9589E42E65E6}.Release|Win32.ActiveCfg = Release|Win32
		{D33A9E30-B438-434E-B5A6-9589E42E65E6}.Release|Win32.Build.0 = Release|Win32
	EndGlobalSection
	GlobalSection(SolutionProperties) = preSolution
		HideSolutionNode = FALSE
	EndGlobalSection
EndGlobal
