<?xml version="1.0" encoding="utf-8"?>
<Project xmlns="http://schemas.microsoft.com/developer/msbuild/2003" ToolsVersion="4.0">
  <ItemGroup>
    <Filter Include="Source Files">
      <UniqueIdentifier>{DD1D7138-66DC-48B2-BC9E-15B5910F83BA}</UniqueIdentifier>
      <Extensions>cpp;c;cc;cxx;def;odl;idl;hpj;bat;asm;asmx</Extensions>
    </Filter>
    <Filter Include="Header Files">
      <UniqueIdentifier>{B9770467-BF67-49C5-99B0-8EBF8EAB249A}</UniqueIdentifier>
      <Extensions>h;hpp;hxx;hm;inl;inc;xsd</Extensions>
    </Filter>
    <Filter Include="Resource Files">
      <UniqueIdentifier>{3626CF5D-3103-46BA-AD5D-054206D926A6}</UniqueIdentifier>
      <Extensions>rc;ico;cur;bmp;dlg;rc2;rct;bin;rgs;gif;jpg;jpeg;jpe;resx;tiff;tif;ttf;otf;bdf;png;wav;xlsx;props;mfcribbon-ms</Extensions>
    </Filter>
    <Filter Include="Header Files\common">
      <UniqueIdentifier>{FC7512D9-E188-4A7A-94A7-ECED2874FEFD}</UniqueIdentifier>
    </Filter>
    <Filter Include="Header Files\main_screen">
      <UniqueIdentifier>{2B31A7F8-A145-4A6A-9B95-C3256B547710}</UniqueIdentifier>
    </Filter>
    <Filter Include="Header Files\model">
      <UniqueIdentifier>{F31E7148-FD7A-4060-B8DD-2B06BA98CB60}</UniqueIdentifier>
    </Filter>
    <Filter Include="Header Files\TouchGFX">
      <UniqueIdentifier>{54C46649-4970-4A07-9FCB-28387B191576}</UniqueIdentifier>
    </Filter>
    <Filter Include="Source Files\common">
      <UniqueIdentifier>{AEEE65A6-9A80-4D37-930A-7ED6B6ECE2D4}</UniqueIdentifier>
    </Filter>
    <Filter Include="Source Files\main_screen">
      <UniqueIdentifier>{36B93658-E4B9-442D-9A69-1180358309D2}</UniqueIdentifier>
    </Filter>
    <Filter Include="Source Files\model">
      <UniqueIdentifier>{B0AAE34C-957A-4831-9158-B7674EF57C97}</UniqueIdentifier>
    </Filter>
    <Filter Include="Source Files\simulator">
      <UniqueIdentifier>{23756C39-FB6A-4B16-9384-029D637CEAF6}</UniqueIdentifier>
    </Filter>
    <Filter Include="Source Files\TouchGFX">
      <UniqueIdentifier>{79363832-10DC-4258-B5A9-FAC61A37931B}</UniqueIdentifier>
    </Filter>
    <Filter Include="Resource Files\images">
      <UniqueIdentifier>{74226579-BE8C-452A-BADA-9BEA9ABB70B6}</UniqueIdentifier>
    </Filter>
    <Filter Include="Resource Files\texts">
      <UniqueIdentifier>{70B8DB0D-01AF-4E94-AD62-54E431EA28A9}</UniqueIdentifier>
    </Filter>
  </ItemGroup>
  <ItemGroup>
    <ClCompile Include="..\..\gui\src\common\FrontendApplication.cpp">
      <Filter>Source Files\common</Filter>
    </ClCompile>
    <ClCompile Include="..\..\gui\src\main_screen\MainPresenter.cpp">
      <Filter>Source Files\main_screen</Filter>
    </ClCompile>
    <ClCompile Include="..\..\gui\src\main_screen\MainView.cpp">
      <Filter>Source Files\main_screen</Filter>
    </ClCompile>
    <ClCompile Include="..\..\gui\src\model\Model.cpp">
      <Filter>Source Files\model</Filter>
    </ClCompile>
    <ClCompile Include="..\..\simulator\main.cpp">
      <Filter>Source Files\simulator</Filter>
    </ClCompile>
    <ClCompile Include="$(TouchGFXReleasePath)\framework\source\platform\driver\touch\SDLTouchController.cpp">
      <Filter>Source Files\TouchGFX</Filter>
    </ClCompile>
    <ClCompile Include="$(TouchGFXReleasePath)\framework\source\platform\hal\simulator\sdl\HALSDL.cpp">
      <Filter>Source Files\TouchGFX</Filter>
    </ClCompile>
    <ClCompile Include="$(TouchGFXReleasePath)\framework\source\platform\hal\simulator\sdl\HALSDL_icon.cpp">
      <Filter>Source Files\TouchGFX</Filter>
    </ClCompile>
    <ClCompile Include="$(TouchGFXReleasePath)\framework\source\platform\hal\simulator\sdl\OSWrappers.cpp">
      <Filter>Source Files\TouchGFX</Filter>
    </ClCompile>
  </ItemGroup>
  <ItemGroup>
    <None Include="..\..\assets\images\bg.png">
      <Filter>Resource Files\images</Filter>
    </None>
    <None Include="..\..\assets\images\image00.png">
      <Filter>Resource Files\images</Filter>
    </None>
    <None Include="..\..\assets\images\image01_large.png">
      <Filter>Resource Files\images</Filter>
    </None>
    <None Include="..\..\assets\images\image01_small.png">
      <Filter>Resource Files\images</Filter>
    </None>
    <None Include="..\..\assets\texts\texts.xlsx">
      <Filter>Resource Files\texts</Filter>
    </None>
    <None Include="..\..\config\msvs\Application.props">
      <Filter>Resource Files</Filter>
    </None>
  </ItemGroup>
  <ItemGroup>
    <ClInclude Include="..\..\gui\include\gui\common\FrontendApplication.hpp">
      <Filter>Header Files\common</Filter>
    </ClInclude>
    <ClInclude Include="..\..\gui\include\gui\common\FrontendHeap.hpp">
      <Filter>Header Files\common</Filter>
    </ClInclude>
    <ClInclude Include="..\..\gui\include\gui\main_screen\MainPresenter.hpp">
      <Filter>Header Files\main_screen</Filter>
    </ClInclude>
    <ClInclude Include="..\..\gui\include\gui\main_screen\MainView.hpp">
      <Filter>Header Files\main_screen</Filter>
    </ClInclude>
    <ClInclude Include="..\..\gui\include\gui\model\Model.hpp">
      <Filter>Header Files\model</Filter>
    </ClInclude>
    <ClInclude Include="..\..\gui\include\gui\model\ModelListener.hpp">
      <Filter>Header Files\model</Filter>
    </ClInclude>
    <ClInclude Include="$(TouchGFXReleasePath)\framework\include\platform\driver\touch\SDLTouchController.hpp">
      <Filter>Header Files\TouchGFX</Filter>
    </ClInclude>
    <ClInclude Include="$(TouchGFXReleasePath)\framework\include\platform\hal\simulator\sdl\HALSDL.hpp">
      <Filter>Header Files\TouchGFX</Filter>
    </ClInclude>
  </ItemGroup>
</Project>
