<?xml version="1.0" encoding="utf-8"?>
<Project xmlns="http://schemas.microsoft.com/developer/msbuild/2003" ToolsVersion="4.0">
  <ItemGroup>
    <Filter Include="Source Files">
      <UniqueIdentifier>{1AED1146-F20F-4F14-A680-4AF538778A9D}</UniqueIdentifier>
      <Extensions>cpp;c;cc;cxx;def;odl;idl;hpj;bat;asm;asmx</Extensions>
    </Filter>
    <Filter Include="Header Files">
      <UniqueIdentifier>{92AECF9F-C304-4A8F-BB26-6B4189CA5C8E}</UniqueIdentifier>
      <Extensions>h;hpp;hxx;hm;inl;inc;xsd</Extensions>
    </Filter>
    <Filter Include="Resource Files">
      <UniqueIdentifier>{584A5B0E-CF3C-4201-A5BA-3300BA3B9C97}</UniqueIdentifier>
      <Extensions>rc;ico;cur;bmp;dlg;rc2;rct;bin;rgs;gif;jpg;jpeg;jpe;resx;tiff;tif;ttf;otf;bdf;png;wav;xlsx;props;mfcribbon-ms</Extensions>
    </Filter>
    <Filter Include="Header Files\common">
      <UniqueIdentifier>{4085316C-C68F-4C64-B152-B48F0F373403}</UniqueIdentifier>
    </Filter>
    <Filter Include="Header Files\main_screen">
      <UniqueIdentifier>{AEC4CE9E-287A-4C2E-AA1E-5C33D782FF58}</UniqueIdentifier>
    </Filter>
    <Filter Include="Header Files\model">
      <UniqueIdentifier>{647DFE59-543F-4958-AD71-987519798271}</UniqueIdentifier>
    </Filter>
    <Filter Include="Header Files\TouchGFX">
      <UniqueIdentifier>{9D87E333-E6F5-40FA-AB0E-D905AE0DA3B4}</UniqueIdentifier>
    </Filter>
    <Filter Include="Source Files\common">
      <UniqueIdentifier>{09046D41-C9C7-42A5-A850-B54B1B60A025}</UniqueIdentifier>
    </Filter>
    <Filter Include="Source Files\main_screen">
      <UniqueIdentifier>{FA856EEF-7173-4E39-91E7-4F7454168734}</UniqueIdentifier>
    </Filter>
    <Filter Include="Source Files\model">
      <UniqueIdentifier>{7D510700-42B1-44FB-9D29-EFF82832C77D}</UniqueIdentifier>
    </Filter>
    <Filter Include="Source Files\simulator">
      <UniqueIdentifier>{FC6D7DCE-6830-4452-B894-67EE14261FB6}</UniqueIdentifier>
    </Filter>
    <Filter Include="Source Files\TouchGFX">
      <UniqueIdentifier>{4D3882B8-0BAA-4A66-A3DB-457A6778533E}</UniqueIdentifier>
    </Filter>
    <Filter Include="Resource Files\fonts">
      <UniqueIdentifier>{2C5D2220-C9A2-4565-9541-C637CA8762B6}</UniqueIdentifier>
    </Filter>
    <Filter Include="Resource Files\images">
      <UniqueIdentifier>{19BB3CCB-FDC2-4911-871E-C6791667D6D3}</UniqueIdentifier>
    </Filter>
    <Filter Include="Resource Files\texts">
      <UniqueIdentifier>{C0E85628-82DD-47F7-ABD7-04495A7D69D4}</UniqueIdentifier>
    </Filter>
  </ItemGroup>
  <ItemGroup>
    <ClCompile Include="..\..\gui\src\common\FrontendApplication.cpp">
      <Filter>Source Files\common</Filter>
    </ClCompile>
    <ClCompile Include="..\..\gui\src\main_screen\MainPresenter.cpp">
      <Filter>Source Files\main_screen</Filter>
    </ClCompile>
    <ClCompile Include="..\..\gui\src\main_screen\MainView.cpp">
      <Filter>Source Files\main_screen</Filter>
    </ClCompile>
    <ClCompile Include="..\..\gui\src\model\Model.cpp">
      <Filter>Source Files\model</Filter>
    </ClCompile>
    <ClCompile Include="..\..\simulator\main.cpp">
      <Filter>Source Files\simulator</Filter>
    </ClCompile>
    <ClCompile Include="$(TouchGFXReleasePath)\framework\source\platform\driver\touch\SDLTouchController.cpp">
      <Filter>Source Files\TouchGFX</Filter>
    </ClCompile>
    <ClCompile Include="$(TouchGFXReleasePath)\framework\source\platform\hal\simulator\sdl\HALSDL.cpp">
      <Filter>Source Files\TouchGFX</Filter>
    </ClCompile>
    <ClCompile Include="$(TouchGFXReleasePath)\framework\source\platform\hal\simulator\sdl\HALSDL_icon.cpp">
      <Filter>Source Files\TouchGFX</Filter>
    </ClCompile>
    <ClCompile Include="$(TouchGFXReleasePath)\framework\source\platform\hal\simulator\sdl\OSWrappers.cpp">
      <Filter>Source Files\TouchGFX</Filter>
    </ClCompile>
  </ItemGroup>
  <ItemGroup>
    <None Include="..\..\assets\fonts\RobotoCondensed-Regular.ttf">
      <Filter>Resource Files\fonts</Filter>
    </None>
    <None Include="..\..\assets\images\scroll_bg.png">
      <Filter>Resource Files\images</Filter>
    </None>
    <None Include="..\..\assets\texts\texts.xlsx">
      <Filter>Resource Files\texts</Filter>
    </None>
    <None Include="..\..\config\msvs\Application.props">
      <Filter>Resource Files</Filter>
    </None>
  </ItemGroup>
  <ItemGroup>
    <ClInclude Include="..\..\gui\include\gui\common\FrontendApplication.hpp">
      <Filter>Header Files\common</Filter>
    </ClInclude>
    <ClInclude Include="..\..\gui\include\gui\common\FrontendHeap.hpp">
      <Filter>Header Files\common</Filter>
    </ClInclude>
    <ClInclude Include="..\..\gui\include\gui\main_screen\MainPresenter.hpp">
      <Filter>Header Files\main_screen</Filter>
    </ClInclude>
    <ClInclude Include="..\..\gui\include\gui\main_screen\MainView.hpp">
      <Filter>Header Files\main_screen</Filter>
    </ClInclude>
    <ClInclude Include="..\..\gui\include\gui\model\Model.hpp">
      <Filter>Header Files\model</Filter>
    </ClInclude>
    <ClInclude Include="..\..\gui\include\gui\model\ModelListener.hpp">
      <Filter>Header Files\model</Filter>
    </ClInclude>
    <ClInclude Include="$(TouchGFXReleasePath)\framework\include\platform\driver\touch\SDLTouchController.hpp">
      <Filter>Header Files\TouchGFX</Filter>
    </ClInclude>
    <ClInclude Include="$(TouchGFXReleasePath)\framework\include\platform\hal\simulator\sdl\HALSDL.hpp">
      <Filter>Header Files\TouchGFX</Filter>
    </ClInclude>
  </ItemGroup>
</Project>
