<?xml version="1.0" encoding="utf-8"?>
<Project xmlns="http://schemas.microsoft.com/developer/msbuild/2003" ToolsVersion="4.0">
  <ItemGroup>
    <Filter Include="Source Files">
      <UniqueIdentifier>{AAC308B4-1C96-46F3-8358-8FC64AB49C88}</UniqueIdentifier>
      <Extensions>cpp;c;cc;cxx;def;odl;idl;hpj;bat;asm;asmx</Extensions>
    </Filter>
    <Filter Include="Header Files">
      <UniqueIdentifier>{7B24ACE5-4960-41BB-8E8E-3ED502D714CE}</UniqueIdentifier>
      <Extensions>h;hpp;hxx;hm;inl;inc;xsd</Extensions>
    </Filter>
    <Filter Include="Resource Files">
      <UniqueIdentifier>{8725A26A-BF49-43E5-86D2-EB448AD3A87C}</UniqueIdentifier>
      <Extensions>rc;ico;cur;bmp;dlg;rc2;rct;bin;rgs;gif;jpg;jpeg;jpe;resx;tiff;tif;ttf;otf;bdf;png;wav;xlsx;props;mfcribbon-ms</Extensions>
    </Filter>
    <Filter Include="Header Files\common">
      <UniqueIdentifier>{53F02A1D-E323-4760-A906-AD3A0760BB45}</UniqueIdentifier>
    </Filter>
    <Filter Include="Header Files\custom_controls_screen">
      <UniqueIdentifier>{2EEF84D4-1810-4AA7-AE75-8F6C541DFE08}</UniqueIdentifier>
    </Filter>
    <Filter Include="Header Files\easing_equation_screen">
      <UniqueIdentifier>{55A137B3-83CE-4714-9F3B-76DEFDC42622}</UniqueIdentifier>
    </Filter>
    <Filter Include="Header Files\graph_screen">
      <UniqueIdentifier>{83A96485-4B42-4CF8-B721-1848DCF30AB0}</UniqueIdentifier>
    </Filter>
    <Filter Include="Header Files\main_menu_screen">
      <UniqueIdentifier>{F38FD002-9520-4CAC-B092-5B495B3DBAA2}</UniqueIdentifier>
    </Filter>
    <Filter Include="Header Files\model">
      <UniqueIdentifier>{9823DAA8-DD5C-4D25-A097-4A08729DD37C}</UniqueIdentifier>
    </Filter>
    <Filter Include="Header Files\product_presenter_screen">
      <UniqueIdentifier>{F7AA6729-0025-4A87-8E38-24A0F1B4C410}</UniqueIdentifier>
    </Filter>
    <Filter Include="Header Files\TouchGFX">
      <UniqueIdentifier>{A248BC8B-B2E1-473B-8243-F32CBFACD458}</UniqueIdentifier>
    </Filter>
    <Filter Include="Source Files\common">
      <UniqueIdentifier>{780F52E0-63F7-4F8B-8568-DB346F5296A4}</UniqueIdentifier>
    </Filter>
    <Filter Include="Source Files\custom_controls_screen">
      <UniqueIdentifier>{E4AA517D-F371-45B8-8DDC-4E224FDFAC24}</UniqueIdentifier>
    </Filter>
    <Filter Include="Source Files\easing_equation_screen">
      <UniqueIdentifier>{DBA46CCE-24E4-4289-8325-4BA306EDD009}</UniqueIdentifier>
    </Filter>
    <Filter Include="Source Files\graph_screen">
      <UniqueIdentifier>{D71DF8EF-CEC2-4503-A9DD-D5E893434870}</UniqueIdentifier>
    </Filter>
    <Filter Include="Source Files\main_menu_screen">
      <UniqueIdentifier>{2E9488B0-CD80-490A-AB48-8ED1507B6C65}</UniqueIdentifier>
    </Filter>
    <Filter Include="Source Files\model">
      <UniqueIdentifier>{11BBB7FD-B681-4BD4-8433-C368DD6770DC}</UniqueIdentifier>
    </Filter>
    <Filter Include="Source Files\product_presenter_screen">
      <UniqueIdentifier>{9516AF48-6547-4676-AFF7-8648AD558215}</UniqueIdentifier>
    </Filter>
    <Filter Include="Source Files\simulator">
      <UniqueIdentifier>{B9F48CCF-BFBD-4E69-B7B7-631E2456C195}</UniqueIdentifier>
    </Filter>
    <Filter Include="Source Files\TouchGFX">
      <UniqueIdentifier>{C929A99C-17DC-459D-A8D0-0C2B5A734DCC}</UniqueIdentifier>
    </Filter>
    <Filter Include="Resource Files\fonts">
      <UniqueIdentifier>{7B8FE27B-607B-4AA4-8BD5-4976B05A9843}</UniqueIdentifier>
    </Filter>
    <Filter Include="Resource Files\images">
      <UniqueIdentifier>{8F09DC47-AFD2-4CBA-AE05-732A903DDD06}</UniqueIdentifier>
    </Filter>
    <Filter Include="Resource Files\images\CustomControls">
      <UniqueIdentifier>{44F02FA5-8AA1-417C-AF28-1EF014872A35}</UniqueIdentifier>
    </Filter>
    <Filter Include="Resource Files\images\EasingEquation">
      <UniqueIdentifier>{BE2E87DC-73FD-49FB-A066-37DB3AD602BD}</UniqueIdentifier>
    </Filter>
    <Filter Include="Resource Files\images\Graph">
      <UniqueIdentifier>{684EC14D-25F2-401C-A4A1-9DDB358F89EC}</UniqueIdentifier>
    </Filter>
    <Filter Include="Resource Files\images\MainMenu">
      <UniqueIdentifier>{2DBE6B0C-32EE-49A4-8B1F-080AAD4D6D85}</UniqueIdentifier>
    </Filter>
    <Filter Include="Resource Files\images\ProductPresenter">
      <UniqueIdentifier>{1B712122-637C-4ACE-9ACD-52C184EBF3FE}</UniqueIdentifier>
    </Filter>
    <Filter Include="Resource Files\texts">
      <UniqueIdentifier>{A4DF113A-059C-4C0E-9B12-2D71BC165C56}</UniqueIdentifier>
    </Filter>
  </ItemGroup>
  <ItemGroup>
    <ClCompile Include="..\..\gui\src\common\CollapsibleMenu.cpp">
      <Filter>Source Files\common</Filter>
    </ClCompile>
    <ClCompile Include="..\..\gui\src\common\DemoPresenter.cpp">
      <Filter>Source Files\common</Filter>
    </ClCompile>
    <ClCompile Include="..\..\gui\src\common\DotIndicator.cpp">
      <Filter>Source Files\common</Filter>
    </ClCompile>
    <ClCompile Include="..\..\gui\src\common\FrontendApplication.cpp">
      <Filter>Source Files\common</Filter>
    </ClCompile>
    <ClCompile Include="..\..\gui\src\common\SwipeContainer.cpp">
      <Filter>Source Files\common</Filter>
    </ClCompile>
    <ClCompile Include="..\..\gui\src\custom_controls_screen\CircularProgress.cpp">
      <Filter>Source Files\custom_controls_screen</Filter>
    </ClCompile>
    <ClCompile Include="..\..\gui\src\custom_controls_screen\CustomControlsPresenter.cpp">
      <Filter>Source Files\custom_controls_screen</Filter>
    </ClCompile>
    <ClCompile Include="..\..\gui\src\custom_controls_screen\CustomControlsView.cpp">
      <Filter>Source Files\custom_controls_screen</Filter>
    </ClCompile>
    <ClCompile Include="..\..\gui\src\custom_controls_screen\DatePicker.cpp">
      <Filter>Source Files\custom_controls_screen</Filter>
    </ClCompile>
    <ClCompile Include="..\..\gui\src\custom_controls_screen\Gauge.cpp">
      <Filter>Source Files\custom_controls_screen</Filter>
    </ClCompile>
    <ClCompile Include="..\..\gui\src\custom_controls_screen\ThreeWayProgressBar.cpp">
      <Filter>Source Files\custom_controls_screen</Filter>
    </ClCompile>
    <ClCompile Include="..\..\gui\src\custom_controls_screen\ThreeWayProgressBarCircle.cpp">
      <Filter>Source Files\custom_controls_screen</Filter>
    </ClCompile>
    <ClCompile Include="..\..\gui\src\custom_controls_screen\VerticalSlideMenu.cpp">
      <Filter>Source Files\custom_controls_screen</Filter>
    </ClCompile>
    <ClCompile Include="..\..\gui\src\custom_controls_screen\WheelSelector.cpp">
      <Filter>Source Files\custom_controls_screen</Filter>
    </ClCompile>
    <ClCompile Include="..\..\gui\src\custom_controls_screen\WheelSelectorExtra.cpp">
      <Filter>Source Files\custom_controls_screen</Filter>
    </ClCompile>
    <ClCompile Include="..\..\gui\src\easing_equation_screen\EasingEquationButton.cpp">
      <Filter>Source Files\easing_equation_screen</Filter>
    </ClCompile>
    <ClCompile Include="..\..\gui\src\easing_equation_screen\EasingEquationGraph.cpp">
      <Filter>Source Files\easing_equation_screen</Filter>
    </ClCompile>
    <ClCompile Include="..\..\gui\src\easing_equation_screen\EasingEquationInOrOutOrInOut.cpp">
      <Filter>Source Files\easing_equation_screen</Filter>
    </ClCompile>
    <ClCompile Include="..\..\gui\src\easing_equation_screen\EasingEquationPresenter.cpp">
      <Filter>Source Files\easing_equation_screen</Filter>
    </ClCompile>
    <ClCompile Include="..\..\gui\src\easing_equation_screen\EasingEquationSelector.cpp">
      <Filter>Source Files\easing_equation_screen</Filter>
    </ClCompile>
    <ClCompile Include="..\..\gui\src\easing_equation_screen\EasingEquationView.cpp">
      <Filter>Source Files\easing_equation_screen</Filter>
    </ClCompile>
    <ClCompile Include="..\..\gui\src\graph_screen\AbstractGraph.cpp">
      <Filter>Source Files\graph_screen</Filter>
    </ClCompile>
    <ClCompile Include="..\..\gui\src\graph_screen\Graph.cpp">
      <Filter>Source Files\graph_screen</Filter>
    </ClCompile>
    <ClCompile Include="..\..\gui\src\graph_screen\GraphBelow.cpp">
      <Filter>Source Files\graph_screen</Filter>
    </ClCompile>
    <ClCompile Include="..\..\gui\src\graph_screen\GraphDots.cpp">
      <Filter>Source Files\graph_screen</Filter>
    </ClCompile>
    <ClCompile Include="..\..\gui\src\graph_screen\GraphLine.cpp">
      <Filter>Source Files\graph_screen</Filter>
    </ClCompile>
    <ClCompile Include="..\..\gui\src\graph_screen\GraphPresenter.cpp">
      <Filter>Source Files\graph_screen</Filter>
    </ClCompile>
    <ClCompile Include="..\..\gui\src\graph_screen\GraphView.cpp">
      <Filter>Source Files\graph_screen</Filter>
    </ClCompile>
    <ClCompile Include="..\..\gui\src\graph_screen\LegendEntry.cpp">
      <Filter>Source Files\graph_screen</Filter>
    </ClCompile>
    <ClCompile Include="..\..\gui\src\graph_screen\PainterVerticalAlpha.cpp">
      <Filter>Source Files\graph_screen</Filter>
    </ClCompile>
    <ClCompile Include="..\..\gui\src\graph_screen\PieChart.cpp">
      <Filter>Source Files\graph_screen</Filter>
    </ClCompile>
    <ClCompile Include="..\..\gui\src\main_menu_screen\MainMenuPresenter.cpp">
      <Filter>Source Files\main_menu_screen</Filter>
    </ClCompile>
    <ClCompile Include="..\..\gui\src\main_menu_screen\MainMenuView.cpp">
      <Filter>Source Files\main_menu_screen</Filter>
    </ClCompile>
    <ClCompile Include="..\..\gui\src\model\Model.cpp">
      <Filter>Source Files\model</Filter>
    </ClCompile>
    <ClCompile Include="..\..\gui\src\product_presenter_screen\ProductPresenterPresenter.cpp">
      <Filter>Source Files\product_presenter_screen</Filter>
    </ClCompile>
    <ClCompile Include="..\..\gui\src\product_presenter_screen\ProductPresenterView.cpp">
      <Filter>Source Files\product_presenter_screen</Filter>
    </ClCompile>
    <ClCompile Include="..\..\simulator\main.cpp">
      <Filter>Source Files\simulator</Filter>
    </ClCompile>
    <ClCompile Include="$(TouchGFXReleasePath)\framework\source\platform\driver\touch\SDLTouchController.cpp">
      <Filter>Source Files\TouchGFX</Filter>
    </ClCompile>
    <ClCompile Include="$(TouchGFXReleasePath)\framework\source\platform\hal\simulator\sdl\HALSDL.cpp">
      <Filter>Source Files\TouchGFX</Filter>
    </ClCompile>
    <ClCompile Include="$(TouchGFXReleasePath)\framework\source\platform\hal\simulator\sdl\HALSDL_icon.cpp">
      <Filter>Source Files\TouchGFX</Filter>
    </ClCompile>
    <ClCompile Include="$(TouchGFXReleasePath)\framework\source\platform\hal\simulator\sdl\OSWrappers.cpp">
      <Filter>Source Files\TouchGFX</Filter>
    </ClCompile>
  </ItemGroup>
  <ItemGroup>
    <None Include="..\..\assets\fonts\Asap-Regular.ttf">
      <Filter>Resource Files\fonts</Filter>
    </None>
    <None Include="..\..\assets\fonts\ipaexg.ttf">
      <Filter>Resource Files\fonts</Filter>
    </None>
    <None Include="..\..\assets\fonts\NotoSans-Regular.ttf">
      <Filter>Resource Files\fonts</Filter>
    </None>
    <None Include="..\..\assets\images\CustomControls\control_center_button.png">
      <Filter>Resource Files\images\CustomControls</Filter>
    </None>
    <None Include="..\..\assets\images\CustomControls\control_center_button_pressed.png">
      <Filter>Resource Files\images\CustomControls</Filter>
    </None>
    <None Include="..\..\assets\images\CustomControls\control_color_wheel.png">
      <Filter>Resource Files\images\CustomControls</Filter>
    </None>
    <None Include="..\..\assets\images\CustomControls\control_menu_arrow_down.png">
      <Filter>Resource Files\images\CustomControls</Filter>
    </None>
    <None Include="..\..\assets\images\CustomControls\control_menu_arrow_down_inactive.png">
      <Filter>Resource Files\images\CustomControls</Filter>
    </None>
    <None Include="..\..\assets\images\CustomControls\control_menu_arrow_down_pressed.png">
      <Filter>Resource Files\images\CustomControls</Filter>
    </None>
    <None Include="..\..\assets\images\CustomControls\control_menu_arrow_up-inactive.png">
      <Filter>Resource Files\images\CustomControls</Filter>
    </None>
    <None Include="..\..\assets\images\CustomControls\control_menu_arrow_up-pressed.png">
      <Filter>Resource Files\images\CustomControls</Filter>
    </None>
    <None Include="..\..\assets\images\CustomControls\control_menu_arrow_up.png">
      <Filter>Resource Files\images\CustomControls</Filter>
    </None>
    <None Include="..\..\assets\images\CustomControls\control_menu_button.png">
      <Filter>Resource Files\images\CustomControls</Filter>
    </None>
    <None Include="..\..\assets\images\CustomControls\control_menu_button_pressed.png">
      <Filter>Resource Files\images\CustomControls</Filter>
    </None>
    <None Include="..\..\assets\images\CustomControls\control_menu_icon_datepicker_large.png">
      <Filter>Resource Files\images\CustomControls</Filter>
    </None>
    <None Include="..\..\assets\images\CustomControls\control_menu_icon_datepicker_small.png">
      <Filter>Resource Files\images\CustomControls</Filter>
    </None>
    <None Include="..\..\assets\images\CustomControls\control_menu_icon_gauge_large.png">
      <Filter>Resource Files\images\CustomControls</Filter>
    </None>
    <None Include="..\..\assets\images\CustomControls\control_menu_icon_gauge_small.png">
      <Filter>Resource Files\images\CustomControls</Filter>
    </None>
    <None Include="..\..\assets\images\CustomControls\control_menu_icon_percentage_large.png">
      <Filter>Resource Files\images\CustomControls</Filter>
    </None>
    <None Include="..\..\assets\images\CustomControls\control_menu_icon_percentage_small.png">
      <Filter>Resource Files\images\CustomControls</Filter>
    </None>
    <None Include="..\..\assets\images\CustomControls\control_menu_icon_three_way_large.png">
      <Filter>Resource Files\images\CustomControls</Filter>
    </None>
    <None Include="..\..\assets\images\CustomControls\control_menu_icon_three_way_small.png">
      <Filter>Resource Files\images\CustomControls</Filter>
    </None>
    <None Include="..\..\assets\images\CustomControls\control_menu_shadow_bottom.png">
      <Filter>Resource Files\images\CustomControls</Filter>
    </None>
    <None Include="..\..\assets\images\CustomControls\control_menu_shadow_top.png">
      <Filter>Resource Files\images\CustomControls</Filter>
    </None>
    <None Include="..\..\assets\images\CustomControls\controls_background.png">
      <Filter>Resource Files\images\CustomControls</Filter>
    </None>
    <None Include="..\..\assets\images\CustomControls\controls_menu_background.png">
      <Filter>Resource Files\images\CustomControls</Filter>
    </None>
    <None Include="..\..\assets\images\CustomControls\controls_three_way_small_circle.png">
      <Filter>Resource Files\images\CustomControls</Filter>
    </None>
    <None Include="..\..\assets\images\CustomControls\controls_wheel_background.png">
      <Filter>Resource Files\images\CustomControls</Filter>
    </None>
    <None Include="..\..\assets\images\CustomControls\datepicker_bottom_shadow_overlay.png">
      <Filter>Resource Files\images\CustomControls</Filter>
    </None>
    <None Include="..\..\assets\images\CustomControls\datepicker_glass_overlay.png">
      <Filter>Resource Files\images\CustomControls</Filter>
    </None>
    <None Include="..\..\assets\images\CustomControls\datepicker_main_background.png">
      <Filter>Resource Files\images\CustomControls</Filter>
    </None>
    <None Include="..\..\assets\images\CustomControls\datepicker_top_shadow_overlay.png">
      <Filter>Resource Files\images\CustomControls</Filter>
    </None>
    <None Include="..\..\assets\images\CustomControls\gauge_background.png">
      <Filter>Resource Files\images\CustomControls</Filter>
    </None>
    <None Include="..\..\assets\images\CustomControls\gauge_needle_pin.png">
      <Filter>Resource Files\images\CustomControls</Filter>
    </None>
    <None Include="..\..\assets\images\CustomControls\small_circle_bin_icon_active.png">
      <Filter>Resource Files\images\CustomControls</Filter>
    </None>
    <None Include="..\..\assets\images\CustomControls\small_circle_bin_icon_inactive.png">
      <Filter>Resource Files\images\CustomControls</Filter>
    </None>
    <None Include="..\..\assets\images\CustomControls\small_circle_folder_icon_active.png">
      <Filter>Resource Files\images\CustomControls</Filter>
    </None>
    <None Include="..\..\assets\images\CustomControls\small_circle_folder_icon_inactive.png">
      <Filter>Resource Files\images\CustomControls</Filter>
    </None>
    <None Include="..\..\assets\images\CustomControls\small_circle_papers_icon_active.png">
      <Filter>Resource Files\images\CustomControls</Filter>
    </None>
    <None Include="..\..\assets\images\CustomControls\small_circle_papers_icon_inactive.png">
      <Filter>Resource Files\images\CustomControls</Filter>
    </None>
    <None Include="..\..\assets\images\EasingEquation\easing_background.png">
      <Filter>Resource Files\images\EasingEquation</Filter>
    </None>
    <None Include="..\..\assets\images\EasingEquation\easing_bottom_menu.png">
      <Filter>Resource Files\images\EasingEquation</Filter>
    </None>
    <None Include="..\..\assets\images\EasingEquation\easing_bottom_menu_active.png">
      <Filter>Resource Files\images\EasingEquation</Filter>
    </None>
    <None Include="..\..\assets\images\EasingEquation\easing_bottom_menu_selected.png">
      <Filter>Resource Files\images\EasingEquation</Filter>
    </None>
    <None Include="..\..\assets\images\EasingEquation\easing_dot.png">
      <Filter>Resource Files\images\EasingEquation</Filter>
    </None>
    <None Include="..\..\assets\images\EasingEquation\easing_menu_button.png">
      <Filter>Resource Files\images\EasingEquation</Filter>
    </None>
    <None Include="..\..\assets\images\EasingEquation\easing_menu_button_pressed.png">
      <Filter>Resource Files\images\EasingEquation</Filter>
    </None>
    <None Include="..\..\assets\images\EasingEquation\easing_side_menu_button.png">
      <Filter>Resource Files\images\EasingEquation</Filter>
    </None>
    <None Include="..\..\assets\images\EasingEquation\easing_side_menu_button_active.png">
      <Filter>Resource Files\images\EasingEquation</Filter>
    </None>
    <None Include="..\..\assets\images\EasingEquation\easing_side_menu_button_selected.png">
      <Filter>Resource Files\images\EasingEquation</Filter>
    </None>
    <None Include="..\..\assets\images\EasingEquation\graphDot.png">
      <Filter>Resource Files\images\EasingEquation</Filter>
    </None>
    <None Include="..\..\assets\images\Graph\blue_area_button_active.png">
      <Filter>Resource Files\images\Graph</Filter>
    </None>
    <None Include="..\..\assets\images\Graph\blue_area_button_inactive.png">
      <Filter>Resource Files\images\Graph</Filter>
    </None>
    <None Include="..\..\assets\images\Graph\blue_dots_button_active.png">
      <Filter>Resource Files\images\Graph</Filter>
    </None>
    <None Include="..\..\assets\images\Graph\blue_dots_button_inactive.png">
      <Filter>Resource Files\images\Graph</Filter>
    </None>
    <None Include="..\..\assets\images\Graph\blue_line_button_active.png">
      <Filter>Resource Files\images\Graph</Filter>
    </None>
    <None Include="..\..\assets\images\Graph\blue_line_button_inactive.png">
      <Filter>Resource Files\images\Graph</Filter>
    </None>
    <None Include="..\..\assets\images\Graph\graph_background_bottom.png">
      <Filter>Resource Files\images\Graph</Filter>
    </None>
    <None Include="..\..\assets\images\Graph\graph_menu_button.png">
      <Filter>Resource Files\images\Graph</Filter>
    </None>
    <None Include="..\..\assets\images\Graph\graph_menu_button_pressed.png">
      <Filter>Resource Files\images\Graph</Filter>
    </None>
    <None Include="..\..\assets\images\Graph\graph_toggle_button_active.png">
      <Filter>Resource Files\images\Graph</Filter>
    </None>
    <None Include="..\..\assets\images\Graph\graph_toggle_button_inactive.png">
      <Filter>Resource Files\images\Graph</Filter>
    </None>
    <None Include="..\..\assets\images\Graph\graph_top_menu_activate_button.png">
      <Filter>Resource Files\images\Graph</Filter>
    </None>
    <None Include="..\..\assets\images\Graph\graph_top_menu_line.png">
      <Filter>Resource Files\images\Graph</Filter>
    </None>
    <None Include="..\..\assets\images\Graph\green_area_button_active.png">
      <Filter>Resource Files\images\Graph</Filter>
    </None>
    <None Include="..\..\assets\images\Graph\green_area_button_inactive.png">
      <Filter>Resource Files\images\Graph</Filter>
    </None>
    <None Include="..\..\assets\images\Graph\green_dots_button_active.png">
      <Filter>Resource Files\images\Graph</Filter>
    </None>
    <None Include="..\..\assets\images\Graph\green_dots_button_inactive.png">
      <Filter>Resource Files\images\Graph</Filter>
    </None>
    <None Include="..\..\assets\images\Graph\green_line_button_active.png">
      <Filter>Resource Files\images\Graph</Filter>
    </None>
    <None Include="..\..\assets\images\Graph\green_line_button_inactive.png">
      <Filter>Resource Files\images\Graph</Filter>
    </None>
    <None Include="..\..\assets\images\Graph\half_circle_toggle_button_active.png">
      <Filter>Resource Files\images\Graph</Filter>
    </None>
    <None Include="..\..\assets\images\Graph\half_circle_toggle_button_inactive.png">
      <Filter>Resource Files\images\Graph</Filter>
    </None>
    <None Include="..\..\assets\images\Graph\new_graph.png">
      <Filter>Resource Files\images\Graph</Filter>
    </None>
    <None Include="..\..\assets\images\Graph\new_graph_pressed.png">
      <Filter>Resource Files\images\Graph</Filter>
    </None>
    <None Include="..\..\assets\images\Graph\new_pie_chart.png">
      <Filter>Resource Files\images\Graph</Filter>
    </None>
    <None Include="..\..\assets\images\Graph\new_pie_chart_pressed.png">
      <Filter>Resource Files\images\Graph</Filter>
    </None>
    <None Include="..\..\assets\images\Graph\pie_chart_legend_blue.png">
      <Filter>Resource Files\images\Graph</Filter>
    </None>
    <None Include="..\..\assets\images\Graph\pie_chart_legend_blue_active.png">
      <Filter>Resource Files\images\Graph</Filter>
    </None>
    <None Include="..\..\assets\images\Graph\pie_chart_legend_green.png">
      <Filter>Resource Files\images\Graph</Filter>
    </None>
    <None Include="..\..\assets\images\Graph\pie_chart_legend_green_active.png">
      <Filter>Resource Files\images\Graph</Filter>
    </None>
    <None Include="..\..\assets\images\Graph\pie_chart_legend_orange.png">
      <Filter>Resource Files\images\Graph</Filter>
    </None>
    <None Include="..\..\assets\images\Graph\pie_chart_legend_orange_active.png">
      <Filter>Resource Files\images\Graph</Filter>
    </None>
    <None Include="..\..\assets\images\Graph\pie_chart_legend_purple.png">
      <Filter>Resource Files\images\Graph</Filter>
    </None>
    <None Include="..\..\assets\images\Graph\pie_chart_legend_purple_active.png">
      <Filter>Resource Files\images\Graph</Filter>
    </None>
    <None Include="..\..\assets\images\Graph\pie_chart_legend_red.png">
      <Filter>Resource Files\images\Graph</Filter>
    </None>
    <None Include="..\..\assets\images\Graph\pie_chart_legend_red_active.png">
      <Filter>Resource Files\images\Graph</Filter>
    </None>
    <None Include="..\..\assets\images\Graph\pie_chart_legend_yellow.png">
      <Filter>Resource Files\images\Graph</Filter>
    </None>
    <None Include="..\..\assets\images\Graph\pie_chart_legend_yellow_active.png">
      <Filter>Resource Files\images\Graph</Filter>
    </None>
    <None Include="..\..\assets\images\Graph\pie_toggle_button_active.png">
      <Filter>Resource Files\images\Graph</Filter>
    </None>
    <None Include="..\..\assets\images\Graph\pie_toggle_button_inactive.png">
      <Filter>Resource Files\images\Graph</Filter>
    </None>
    <None Include="..\..\assets\images\MainMenu\demo_button_01.png">
      <Filter>Resource Files\images\MainMenu</Filter>
    </None>
    <None Include="..\..\assets\images\MainMenu\demo_button_01_pressed.png">
      <Filter>Resource Files\images\MainMenu</Filter>
    </None>
    <None Include="..\..\assets\images\MainMenu\demo_button_02_03.png">
      <Filter>Resource Files\images\MainMenu</Filter>
    </None>
    <None Include="..\..\assets\images\MainMenu\demo_button_02_03_pressed.png">
      <Filter>Resource Files\images\MainMenu</Filter>
    </None>
    <None Include="..\..\assets\images\MainMenu\demo_button_04.png">
      <Filter>Resource Files\images\MainMenu</Filter>
    </None>
    <None Include="..\..\assets\images\MainMenu\demo_button_04_pressed.png">
      <Filter>Resource Files\images\MainMenu</Filter>
    </None>
    <None Include="..\..\assets\images\MainMenu\demo_button_05_06.png">
      <Filter>Resource Files\images\MainMenu</Filter>
    </None>
    <None Include="..\..\assets\images\MainMenu\demo_button_05_06_pressed.png">
      <Filter>Resource Files\images\MainMenu</Filter>
    </None>
    <None Include="..\..\assets\images\MainMenu\menu_demo_screen_02.png">
      <Filter>Resource Files\images\MainMenu</Filter>
    </None>
    <None Include="..\..\assets\images\MainMenu\menu_demo_screen_03.png">
      <Filter>Resource Files\images\MainMenu</Filter>
    </None>
    <None Include="..\..\assets\images\MainMenu\menu_demo_screen_04.png">
      <Filter>Resource Files\images\MainMenu</Filter>
    </None>
    <None Include="..\..\assets\images\MainMenu\menu_demo_screen_05.png">
      <Filter>Resource Files\images\MainMenu</Filter>
    </None>
    <None Include="..\..\assets\images\MainMenu\menu_stage_stretch_left_side.png">
      <Filter>Resource Files\images\MainMenu</Filter>
    </None>
    <None Include="..\..\assets\images\MainMenu\menu_stage_stretch_right_side.png">
      <Filter>Resource Files\images\MainMenu</Filter>
    </None>
    <None Include="..\..\assets\images\MainMenu\screen_swipe_dots_active.png">
      <Filter>Resource Files\images\MainMenu</Filter>
    </None>
    <None Include="..\..\assets\images\MainMenu\screen_swipe_dots_inactive.png">
      <Filter>Resource Files\images\MainMenu</Filter>
    </None>
    <None Include="..\..\assets\images\ProductPresenter\flag_dnk_active.png">
      <Filter>Resource Files\images\ProductPresenter</Filter>
    </None>
    <None Include="..\..\assets\images\ProductPresenter\flag_dnk_inactive.png">
      <Filter>Resource Files\images\ProductPresenter</Filter>
    </None>
    <None Include="..\..\assets\images\ProductPresenter\flag_gbr_active.png">
      <Filter>Resource Files\images\ProductPresenter</Filter>
    </None>
    <None Include="..\..\assets\images\ProductPresenter\flag_gbr_inactive.png">
      <Filter>Resource Files\images\ProductPresenter</Filter>
    </None>
    <None Include="..\..\assets\images\ProductPresenter\flag_jpn_active.png">
      <Filter>Resource Files\images\ProductPresenter</Filter>
    </None>
    <None Include="..\..\assets\images\ProductPresenter\flag_jpn_inactive.png">
      <Filter>Resource Files\images\ProductPresenter</Filter>
    </None>
    <None Include="..\..\assets\images\ProductPresenter\flag_nld_active.png">
      <Filter>Resource Files\images\ProductPresenter</Filter>
    </None>
    <None Include="..\..\assets\images\ProductPresenter\flag_nld_inactive.png">
      <Filter>Resource Files\images\ProductPresenter</Filter>
    </None>
    <None Include="..\..\assets\images\ProductPresenter\flag_ukr_active.png">
      <Filter>Resource Files\images\ProductPresenter</Filter>
    </None>
    <None Include="..\..\assets\images\ProductPresenter\flag_ukr_inactive.png">
      <Filter>Resource Files\images\ProductPresenter</Filter>
    </None>
    <None Include="..\..\assets\images\ProductPresenter\poster_image_00.png">
      <Filter>Resource Files\images\ProductPresenter</Filter>
    </None>
    <None Include="..\..\assets\images\ProductPresenter\poster_image_01.png">
      <Filter>Resource Files\images\ProductPresenter</Filter>
    </None>
    <None Include="..\..\assets\images\ProductPresenter\poster_image_02.png">
      <Filter>Resource Files\images\ProductPresenter</Filter>
    </None>
    <None Include="..\..\assets\images\ProductPresenter\product_presenter_menu_button.png">
      <Filter>Resource Files\images\ProductPresenter</Filter>
    </None>
    <None Include="..\..\assets\images\ProductPresenter\product_presenter_menu_button_pressed.png">
      <Filter>Resource Files\images\ProductPresenter</Filter>
    </None>
    <None Include="..\..\assets\images\ProductPresenter\product_presenter_nav_bar.png">
      <Filter>Resource Files\images\ProductPresenter</Filter>
    </None>
    <None Include="..\..\assets\images\ProductPresenter\product_presenter_next.png">
      <Filter>Resource Files\images\ProductPresenter</Filter>
    </None>
    <None Include="..\..\assets\images\ProductPresenter\product_presenter_next_pressed.png">
      <Filter>Resource Files\images\ProductPresenter</Filter>
    </None>
    <None Include="..\..\assets\texts\texts.xlsx">
      <Filter>Resource Files\texts</Filter>
    </None>
    <None Include="..\..\config\msvs\Application.props">
      <Filter>Resource Files</Filter>
    </None>
  </ItemGroup>
  <ItemGroup>
    <ClInclude Include="..\..\gui\include\gui\common\CollapsibleMenu.hpp">
      <Filter>Header Files\common</Filter>
    </ClInclude>
    <ClInclude Include="..\..\gui\include\gui\common\DemoPresenter.hpp">
      <Filter>Header Files\common</Filter>
    </ClInclude>
    <ClInclude Include="..\..\gui\include\gui\common\DemoView.hpp">
      <Filter>Header Files\common</Filter>
    </ClInclude>
    <ClInclude Include="..\..\gui\include\gui\common\DemoViewInterface.hpp">
      <Filter>Header Files\common</Filter>
    </ClInclude>
    <ClInclude Include="..\..\gui\include\gui\common\DotIndicator.hpp">
      <Filter>Header Files\common</Filter>
    </ClInclude>
    <ClInclude Include="..\..\gui\include\gui\common\FrontendApplication.hpp">
      <Filter>Header Files\common</Filter>
    </ClInclude>
    <ClInclude Include="..\..\gui\include\gui\common\FrontendHeap.hpp">
      <Filter>Header Files\common</Filter>
    </ClInclude>
    <ClInclude Include="..\..\gui\include\gui\common\SwipeContainer.hpp">
      <Filter>Header Files\common</Filter>
    </ClInclude>
    <ClInclude Include="..\..\gui\include\gui\common\Utils.hpp">
      <Filter>Header Files\common</Filter>
    </ClInclude>
    <ClInclude Include="..\..\gui\include\gui\custom_controls_screen\CircularProgress.hpp">
      <Filter>Header Files\custom_controls_screen</Filter>
    </ClInclude>
    <ClInclude Include="..\..\gui\include\gui\custom_controls_screen\CustomControlsPresenter.hpp">
      <Filter>Header Files\custom_controls_screen</Filter>
    </ClInclude>
    <ClInclude Include="..\..\gui\include\gui\custom_controls_screen\CustomControlsView.hpp">
      <Filter>Header Files\custom_controls_screen</Filter>
    </ClInclude>
    <ClInclude Include="..\..\gui\include\gui\custom_controls_screen\DatePicker.hpp">
      <Filter>Header Files\custom_controls_screen</Filter>
    </ClInclude>
    <ClInclude Include="..\..\gui\include\gui\custom_controls_screen\Gauge.hpp">
      <Filter>Header Files\custom_controls_screen</Filter>
    </ClInclude>
    <ClInclude Include="..\..\gui\include\gui\custom_controls_screen\ThreeWayProgressBar.hpp">
      <Filter>Header Files\custom_controls_screen</Filter>
    </ClInclude>
    <ClInclude Include="..\..\gui\include\gui\custom_controls_screen\ThreeWayProgressBarCircle.hpp">
      <Filter>Header Files\custom_controls_screen</Filter>
    </ClInclude>
    <ClInclude Include="..\..\gui\include\gui\custom_controls_screen\VerticalSlideMenu.hpp">
      <Filter>Header Files\custom_controls_screen</Filter>
    </ClInclude>
    <ClInclude Include="..\..\gui\include\gui\custom_controls_screen\WheelSelector.hpp">
      <Filter>Header Files\custom_controls_screen</Filter>
    </ClInclude>
    <ClInclude Include="..\..\gui\include\gui\custom_controls_screen\WheelSelectorExtra.hpp">
      <Filter>Header Files\custom_controls_screen</Filter>
    </ClInclude>
    <ClInclude Include="..\..\gui\include\gui\easing_equation_screen\EasingEquationButton.hpp">
      <Filter>Header Files\easing_equation_screen</Filter>
    </ClInclude>
    <ClInclude Include="..\..\gui\include\gui\easing_equation_screen\EasingEquationGraph.hpp">
      <Filter>Header Files\easing_equation_screen</Filter>
    </ClInclude>
    <ClInclude Include="..\..\gui\include\gui\easing_equation_screen\EasingEquationInOrOutOrInOut.hpp">
      <Filter>Header Files\easing_equation_screen</Filter>
    </ClInclude>
    <ClInclude Include="..\..\gui\include\gui\easing_equation_screen\EasingEquationPresenter.hpp">
      <Filter>Header Files\easing_equation_screen</Filter>
    </ClInclude>
    <ClInclude Include="..\..\gui\include\gui\easing_equation_screen\EasingEquations.hpp">
      <Filter>Header Files\easing_equation_screen</Filter>
    </ClInclude>
    <ClInclude Include="..\..\gui\include\gui\easing_equation_screen\EasingEquationSelector.hpp">
      <Filter>Header Files\easing_equation_screen</Filter>
    </ClInclude>
    <ClInclude Include="..\..\gui\include\gui\easing_equation_screen\EasingEquationView.hpp">
      <Filter>Header Files\easing_equation_screen</Filter>
    </ClInclude>
    <ClInclude Include="..\..\gui\include\gui\graph_screen\AbstractGraph.hpp">
      <Filter>Header Files\graph_screen</Filter>
    </ClInclude>
    <ClInclude Include="..\..\gui\include\gui\graph_screen\Graph.hpp">
      <Filter>Header Files\graph_screen</Filter>
    </ClInclude>
    <ClInclude Include="..\..\gui\include\gui\graph_screen\GraphBelow.hpp">
      <Filter>Header Files\graph_screen</Filter>
    </ClInclude>
    <ClInclude Include="..\..\gui\include\gui\graph_screen\GraphDots.hpp">
      <Filter>Header Files\graph_screen</Filter>
    </ClInclude>
    <ClInclude Include="..\..\gui\include\gui\graph_screen\GraphLine.hpp">
      <Filter>Header Files\graph_screen</Filter>
    </ClInclude>
    <ClInclude Include="..\..\gui\include\gui\graph_screen\GraphPresenter.hpp">
      <Filter>Header Files\graph_screen</Filter>
    </ClInclude>
    <ClInclude Include="..\..\gui\include\gui\graph_screen\GraphView.hpp">
      <Filter>Header Files\graph_screen</Filter>
    </ClInclude>
    <ClInclude Include="..\..\gui\include\gui\graph_screen\LegendEntry.hpp">
      <Filter>Header Files\graph_screen</Filter>
    </ClInclude>
    <ClInclude Include="..\..\gui\include\gui\graph_screen\PainterVerticalAlpha.hpp">
      <Filter>Header Files\graph_screen</Filter>
    </ClInclude>
    <ClInclude Include="..\..\gui\include\gui\graph_screen\PieChart.hpp">
      <Filter>Header Files\graph_screen</Filter>
    </ClInclude>
    <ClInclude Include="..\..\gui\include\gui\main_menu_screen\MainMenuPresenter.hpp">
      <Filter>Header Files\main_menu_screen</Filter>
    </ClInclude>
    <ClInclude Include="..\..\gui\include\gui\main_menu_screen\MainMenuView.hpp">
      <Filter>Header Files\main_menu_screen</Filter>
    </ClInclude>
    <ClInclude Include="..\..\gui\include\gui\model\Model.hpp">
      <Filter>Header Files\model</Filter>
    </ClInclude>
    <ClInclude Include="..\..\gui\include\gui\model\ModelListener.hpp">
      <Filter>Header Files\model</Filter>
    </ClInclude>
    <ClInclude Include="..\..\gui\include\gui\model\Time.hpp">
      <Filter>Header Files\model</Filter>
    </ClInclude>
    <ClInclude Include="..\..\gui\include\gui\product_presenter_screen\ProductPresenterPresenter.hpp">
      <Filter>Header Files\product_presenter_screen</Filter>
    </ClInclude>
    <ClInclude Include="..\..\gui\include\gui\product_presenter_screen\ProductPresenterView.hpp">
      <Filter>Header Files\product_presenter_screen</Filter>
    </ClInclude>
    <ClInclude Include="$(TouchGFXReleasePath)\framework\include\platform\driver\touch\SDLTouchController.hpp">
      <Filter>Header Files\TouchGFX</Filter>
    </ClInclude>
    <ClInclude Include="$(TouchGFXReleasePath)\framework\include\platform\hal\simulator\sdl\HALSDL.hpp">
      <Filter>Header Files\TouchGFX</Filter>
    </ClInclude>
  </ItemGroup>
</Project>
